
Microsoft Visual Studio Solution File, Format Version 12.00
# Visual Studio Version 17
VisualStudioVersion = 17.4.33103.184
MinimumVisualStudioVersion = 10.0.40219.1
Project("{8BC9CEB8-8B4A-11D0-8D11-00A0C91BC942}") = "Lab_06_03rec", "Lab_06_03rec.vcxproj", "{0E7FEBFC-6F5E-4094-A0A4-43A916685FE8}"
EndProject
Project("{8BC9CEB8-8B4A-11D0-8D11-00A0C91BC942}") = "UnitTest0603rec", "..\UnitTest0603rec\UnitTest0603rec.vcxproj", "{F584114F-D0BC-4978-A9C1-C3FB9AB9E7BF}"
EndProject
Global
	GlobalSection(SolutionConfigurationPlatforms) = preSolution
		Debug|x64 = Debug|x64
		Debug|x86 = Debug|x86
		Release|x64 = Release|x64
		Release|x86 = Release|x86
	EndGlobalSection
	GlobalSection(ProjectConfigurationPlatforms) = postSolution
		{0E7FEBFC-6F5E-4094-A0A4-43A916685FE8}.Debug|x64.ActiveCfg = Debug|x64
		{0E7FEBFC-6F5E-4094-A0A4-43A916685FE8}.Debug|x64.Build.0 = Debug|x64
		{0E7FEBFC-6F5E-4094-A0A4-43A916685FE8}.Debug|x86.ActiveCfg = Debug|Win32
		{0E7FEBFC-6F5E-4094-A0A4-43A916685FE8}.Debug|x86.Build.0 = Debug|Win32
		{0E7FEBFC-6F5E-4094-A0A4-43A916685FE8}.Release|x64.ActiveCfg = Release|x64
		{0E7FEBFC-6F5E-4094-A0A4-43A916685FE8}.Release|x64.Build.0 = Release|x64
		{0E7FEBFC-6F5E-4094-A0A4-43A916685FE8}.Release|x86.ActiveCfg = Release|Win32
		{0E7FEBFC-6F5E-4094-A0A4-43A916685FE8}.Release|x86.Build.0 = Release|Win32
		{F584114F-D0BC-4978-A9C1-C3FB9AB9E7BF}.Debug|x64.ActiveCfg = Debug|x64
		{F584114F-D0BC-4978-A9C1-C3FB9AB9E7BF}.Debug|x64.Build.0 = Debug|x64
		{F584114F-D0BC-4978-A9C1-C3FB9AB9E7BF}.Debug|x86.ActiveCfg = Debug|Win32
		{F584114F-D0BC-4978-A9C1-C3FB9AB9E7BF}.Debug|x86.Build.0 = Debug|Win32
		{F584114F-D0BC-4978-A9C1-C3FB9AB9E7BF}.Release|x64.ActiveCfg = Release|x64
		{F584114F-D0BC-4978-A9C1-C3FB9AB9E7BF}.Release|x64.Build.0 = Release|x64
		{F584114F-D0BC-4978-A9C1-C3FB9AB9E7BF}.Release|x86.ActiveCfg = Release|Win32
		{F584114F-D0BC-4978-A9C1-C3FB9AB9E7BF}.Release|x86.Build.0 = Release|Win32
	EndGlobalSection
	GlobalSection(SolutionProperties) = preSolution
		HideSolutionNode = FALSE
	EndGlobalSection
	GlobalSection(ExtensibilityGlobals) = postSolution
		SolutionGuid = {B1848F67-CF72-4DB9-BDAD-8CDEC45D480D}
	EndGlobalSection
EndGlobal
